DEPENDENCIES
  apt
  ci
    path: .
    metadata: true

GRAPH
  apt (2.3.4)
  build-essential (1.4.3)
  chef_handler (1.1.4)
  ci (1.0.19)
    git (>= 0.0.0)
    jenkins (~> 99.1.6)
    partial_search (>= 0.0.0)
    poise (~> 1.0.0)
  dmg (2.1.4)
  git (2.9.0)
    build-essential (>= 0.0.0)
    dmg (>= 0.0.0)
    runit (>= 1.0.0)
    windows (>= 0.0.0)
    yum (~> 3.0)
    yum-epel (>= 0.0.0)
  java (1.19.2)
  jenkins (99.1.6)
    apt (>= 0.0.0)
    java (>= 0.0.0)
    poise (~> 1.0.2)
    runit (>= 1.0.0)
    yum (>= 0.0.0)
  partial_search (1.0.6)
  poise (1.0.4)
  runit (1.5.8)
    build-essential (>= 0.0.0)
    yum (~> 3.0)
    yum-epel (>= 0.0.0)
  windows (1.30.0)
    chef_handler (>= 0.0.0)
  yum (3.1.2)
  yum-epel (0.3.4)
    yum (~> 3.0)
