{
  "dependencies": {
    "ci": {
      "locked_version": "1.0.15",
      "path": "."
    },
    "apt": {
      "locked_version": "2.3.4"
    },
    "jenkins": {
      "locked_version": "99.1.6"
    },
    "git": {
      "locked_version": "2.9.0"
    },
    "partial_search": {
      "locked_version": "1.0.6"
    },
    "poise": {
      "locked_version": "1.0.4"
    },
    "java": {
      "locked_version": "1.18.0"
    },
    "runit": {
      "locked_version": "1.5.8"
    },
    "yum": {
      "locked_version": "3.0.4"
    },
    "dmg": {
      "locked_version": "2.1.2"
    },
    "build-essential": {
      "locked_version": "1.4.2"
    },
    "windows": {
      "locked_version": "1.12.6"
    },
    "yum-epel": {
      "locked_version": "0.2.0"
    },
    "chef_handler": {
      "locked_version": "1.1.4"
    }
  }
}
